// !$*UTF8*$!
{
	archiveVersion = 1;
	classes = {
	};
	objectVersion = 46;
	objects = {

/* Begin PBXBuildFile section */
		2A2B29571B71BF4100C7547C /* main.m in Sources */ = {isa = PBXBuildFile; fileRef = 2A2B29561B71BF4100C7547C /* main.m */; };
		2A2B295A1B71BF4100C7547C /* AppDelegate.m in Sources */ = {isa = PBXBuildFile; fileRef = 2A2B29591B71BF4100C7547C /* AppDelegate.m */; };
		2A2B295D1B71BF4100C7547C /* UITableViewController_Challenge_Solution.xcdatamodeld in Sources */ = {isa = PBXBuildFile; fileRef = 2A2B295B1B71BF4100C7547C /* UITableViewController_Challenge_Solution.xcdatamodeld */; };
		2A2B29631B71BF4100C7547C /* Main.storyboard in Resources */ = {isa = PBXBuildFile; fileRef = 2A2B29611B71BF4100C7547C /* Main.storyboard */; };
		2A2B29651B71BF4100C7547C /* Images.xcassets in Resources */ = {isa = PBXBuildFile; fileRef = 2A2B29641B71BF4100C7547C /* Images.xcassets */; };
		2A2B29681B71BF4100C7547C /* LaunchScreen.xib in Resources */ = {isa = PBXBuildFile; fileRef = 2A2B29661B71BF4100C7547C /* LaunchScreen.xib */; };
		2A2B29741B71BF4100C7547C /* UITableViewController_Challenge_SolutionTests.m in Sources */ = {isa = PBXBuildFile; fileRef = 2A2B29731B71BF4100C7547C /* UITableViewController_Challenge_SolutionTests.m */; };
		2A2B297F1B71BFAA00C7547C /* TableViewController.m in Sources */ = {isa = PBXBuildFile; fileRef = 2A2B297E1B71BFAA00C7547C /* TableViewController.m */; };
		2A2B29821B7D8A5B00C7547C /* astronomicalData.m in Sources */ = {isa = PBXBuildFile; fileRef = 2A2B29811B7D8A5B00C7547C /* astronomicalData.m */; };
		2A2B298D1B7D8A7900C7547C /* Earth.jpg in Resources */ = {isa = PBXBuildFile; fileRef = 2A2B29831B7D8A7900C7547C /* Earth.jpg */; };
		2A2B298E1B7D8A7900C7547C /* EinsteinRing.jpg in Resources */ = {isa = PBXBuildFile; fileRef = 2A2B29841B7D8A7900C7547C /* EinsteinRing.jpg */; };
		2A2B298F1B7D8A7900C7547C /* Jupiter.jpg in Resources */ = {isa = PBXBuildFile; fileRef = 2A2B29851B7D8A7900C7547C /* Jupiter.jpg */; };
		2A2B29901B7D8A7900C7547C /* Mars.jpg in Resources */ = {isa = PBXBuildFile; fileRef = 2A2B29861B7D8A7900C7547C /* Mars.jpg */; };
		2A2B29911B7D8A7900C7547C /* Mercury.jpg in Resources */ = {isa = PBXBuildFile; fileRef = 2A2B29871B7D8A7900C7547C /* Mercury.jpg */; };
		2A2B29921B7D8A7900C7547C /* Neptune.jpg in Resources */ = {isa = PBXBuildFile; fileRef = 2A2B29881B7D8A7900C7547C /* Neptune.jpg */; };
		2A2B29931B7D8A7900C7547C /* Orion.jpg in Resources */ = {isa = PBXBuildFile; fileRef = 2A2B29891B7D8A7900C7547C /* Orion.jpg */; };
		2A2B29941B7D8A7900C7547C /* Saturn.jpg in Resources */ = {isa = PBXBuildFile; fileRef = 2A2B298A1B7D8A7900C7547C /* Saturn.jpg */; };
		2A2B29951B7D8A7900C7547C /* Uranus.jpg in Resources */ = {isa = PBXBuildFile; fileRef = 2A2B298B1B7D8A7900C7547C /* Uranus.jpg */; };
		2A2B29961B7D8A7900C7547C /* Venus.jpg in Resources */ = {isa = PBXBuildFile; fileRef = 2A2B298C1B7D8A7900C7547C /* Venus.jpg */; };
		2A2B299A1B7D95C300C7547C /* OutSpaceObject.m in Sources */ = {isa = PBXBuildFile; fileRef = 2A2B29991B7D95C300C7547C /* OutSpaceObject.m */; };
		2A2B299D1B8057B900C7547C /* OutSpaceImageViewController.m in Sources */ = {isa = PBXBuildFile; fileRef = 2A2B299C1B8057B900C7547C /* OutSpaceImageViewController.m */; };
		2A2B29A01B88BD4F00C7547C /* SpaceDataViewController.m in Sources */ = {isa = PBXBuildFile; fileRef = 2A2B299F1B88BD4F00C7547C /* SpaceDataViewController.m */; };
		2AACE4C61B9BF75800A39013 /* space.png in Resources */ = {isa = PBXBuildFile; fileRef = 2AACE4C51B9BF75800A39013 /* space.png */; };
		2AACE4C91B9BF7AE00A39013 /* AddSpaceObjectViewController.m in Sources */ = {isa = PBXBuildFile; fileRef = 2AACE4C81B9BF7AE00A39013 /* AddSpaceObjectViewController.m */; };
/* End PBXBuildFile section */

/* Begin PBXContainerItemProxy section */
		2A2B296E1B71BF4100C7547C /* PBXContainerItemProxy */ = {
			isa = PBXContainerItemProxy;
			containerPortal = 2A2B29491B71BF4100C7547C /* Project object */;
			proxyType = 1;
			remoteGlobalIDString = 2A2B29501B71BF4100C7547C;
			remoteInfo = "UITableViewController Challenge Solution";
		};
/* End PBXContainerItemProxy section */

/* Begin PBXFileReference section */
		2A2B29511B71BF4100C7547C /* UITableViewController Challenge Solution.app */ = {isa = PBXFileReference; explicitFileType = wrapper.application; includeInIndex = 0; path = "UITableViewController Challenge Solution.app"; sourceTree = BUILT_PRODUCTS_DIR; };
		2A2B29551B71BF4100C7547C /* Info.plist */ = {isa = PBXFileReference; lastKnownFileType = text.plist.xml; path = Info.plist; sourceTree = "<group>"; };
		2A2B29561B71BF4100C7547C /* main.m */ = {isa = PBXFileReference; lastKnownFileType = sourcecode.c.objc; path = main.m; sourceTree = "<group>"; };
		2A2B29581B71BF4100C7547C /* AppDelegate.h */ = {isa = PBXFileReference; lastKnownFileType = sourcecode.c.h; path = AppDelegate.h; sourceTree = "<group>"; };
		2A2B29591B71BF4100C7547C /* AppDelegate.m */ = {isa = PBXFileReference; lastKnownFileType = sourcecode.c.objc; path = AppDelegate.m; sourceTree = "<group>"; };
		2A2B295C1B71BF4100C7547C /* UITableViewController_Challenge_Solution.xcdatamodel */ = {isa = PBXFileReference; lastKnownFileType = wrapper.xcdatamodel; path = UITableViewController_Challenge_Solution.xcdatamodel; sourceTree = "<group>"; };
		2A2B29621B71BF4100C7547C /* Base */ = {isa = PBXFileReference; lastKnownFileType = file.storyboard; name = Base; path = Base.lproj/Main.storyboard; sourceTree = "<group>"; };
		2A2B29641B71BF4100C7547C /* Images.xcassets */ = {isa = PBXFileReference; lastKnownFileType = folder.assetcatalog; path = Images.xcassets; sourceTree = "<group>"; };
		2A2B29671B71BF4100C7547C /* Base */ = {isa = PBXFileReference; lastKnownFileType = file.xib; name = Base; path = Base.lproj/LaunchScreen.xib; sourceTree = "<group>"; };
		2A2B296D1B71BF4100C7547C /* UITableViewController Challenge SolutionTests.xctest */ = {isa = PBXFileReference; explicitFileType = wrapper.cfbundle; includeInIndex = 0; path = "UITableViewController Challenge SolutionTests.xctest"; sourceTree = BUILT_PRODUCTS_DIR; };
		2A2B29721B71BF4100C7547C /* Info.plist */ = {isa = PBXFileReference; lastKnownFileType = text.plist.xml; path = Info.plist; sourceTree = "<group>"; };
		2A2B29731B71BF4100C7547C /* UITableViewController_Challenge_SolutionTests.m */ = {isa = PBXFileReference; lastKnownFileType = sourcecode.c.objc; path = UITableViewController_Challenge_SolutionTests.m; sourceTree = "<group>"; };
		2A2B297D1B71BFAA00C7547C /* TableViewController.h */ = {isa = PBXFileReference; fileEncoding = 4; lastKnownFileType = sourcecode.c.h; path = TableViewController.h; sourceTree = "<group>"; };
		2A2B297E1B71BFAA00C7547C /* TableViewController.m */ = {isa = PBXFileReference; fileEncoding = 4; lastKnownFileType = sourcecode.c.objc; path = TableViewController.m; sourceTree = "<group>"; };
		2A2B29801B7D8A5B00C7547C /* astronomicalData.h */ = {isa = PBXFileReference; fileEncoding = 4; lastKnownFileType = sourcecode.c.h; path = astronomicalData.h; sourceTree = "<group>"; };
		2A2B29811B7D8A5B00C7547C /* astronomicalData.m */ = {isa = PBXFileReference; fileEncoding = 4; lastKnownFileType = sourcecode.c.objc; path = astronomicalData.m; sourceTree = "<group>"; };
		2A2B29831B7D8A7900C7547C /* Earth.jpg */ = {isa = PBXFileReference; lastKnownFileType = image.jpeg; path = Earth.jpg; sourceTree = "<group>"; };
		2A2B29841B7D8A7900C7547C /* EinsteinRing.jpg */ = {isa = PBXFileReference; lastKnownFileType = image.jpeg; path = EinsteinRing.jpg; sourceTree = "<group>"; };
		2A2B29851B7D8A7900C7547C /* Jupiter.jpg */ = {isa = PBXFileReference; lastKnownFileType = image.jpeg; path = Jupiter.jpg; sourceTree = "<group>"; };
		2A2B29861B7D8A7900C7547C /* Mars.jpg */ = {isa = PBXFileReference; lastKnownFileType = image.jpeg; path = Mars.jpg; sourceTree = "<group>"; };
		2A2B29871B7D8A7900C7547C /* Mercury.jpg */ = {isa = PBXFileReference; lastKnownFileType = image.jpeg; path = Mercury.jpg; sourceTree = "<group>"; };
		2A2B29881B7D8A7900C7547C /* Neptune.jpg */ = {isa = PBXFileReference; lastKnownFileType = image.jpeg; path = Neptune.jpg; sourceTree = "<group>"; };
		2A2B29891B7D8A7900C7547C /* Orion.jpg */ = {isa = PBXFileReference; lastKnownFileType = image.jpeg; path = Orion.jpg; sourceTree = "<group>"; };
		2A2B298A1B7D8A7900C7547C /* Saturn.jpg */ = {isa = PBXFileReference; lastKnownFileType = image.jpeg; path = Saturn.jpg; sourceTree = "<group>"; };
		2A2B298B1B7D8A7900C7547C /* Uranus.jpg */ = {isa = PBXFileReference; lastKnownFileType = image.jpeg; path = Uranus.jpg; sourceTree = "<group>"; };
		2A2B298C1B7D8A7900C7547C /* Venus.jpg */ = {isa = PBXFileReference; lastKnownFileType = image.jpeg; path = Venus.jpg; sourceTree = "<group>"; };
		2A2B29981B7D95C300C7547C /* OutSpaceObject.h */ = {isa = PBXFileReference; fileEncoding = 4; lastKnownFileType = sourcecode.c.h; name = OutSpaceObject.h; path = ../OutSpaceObject.h; sourceTree = "<group>"; };
		2A2B29991B7D95C300C7547C /* OutSpaceObject.m */ = {isa = PBXFileReference; fileEncoding = 4; lastKnownFileType = sourcecode.c.objc; name = OutSpaceObject.m; path = ../OutSpaceObject.m; sourceTree = "<group>"; };
		2A2B299B1B8057B900C7547C /* OutSpaceImageViewController.h */ = {isa = PBXFileReference; fileEncoding = 4; lastKnownFileType = sourcecode.c.h; path = OutSpaceImageViewController.h; sourceTree = "<group>"; };
		2A2B299C1B8057B900C7547C /* OutSpaceImageViewController.m */ = {isa = PBXFileReference; fileEncoding = 4; lastKnownFileType = sourcecode.c.objc; path = OutSpaceImageViewController.m; sourceTree = "<group>"; };
		2A2B299E1B88BD4F00C7547C /* SpaceDataViewController.h */ = {isa = PBXFileReference; fileEncoding = 4; lastKnownFileType = sourcecode.c.h; path = SpaceDataViewController.h; sourceTree = "<group>"; };
		2A2B299F1B88BD4F00C7547C /* SpaceDataViewController.m */ = {isa = PBXFileReference; fileEncoding = 4; lastKnownFileType = sourcecode.c.objc; path = SpaceDataViewController.m; sourceTree = "<group>"; };
		2AACE4C51B9BF75800A39013 /* space.png */ = {isa = PBXFileReference; lastKnownFileType = image.png; path = space.png; sourceTree = "<group>"; };
		2AACE4C71B9BF7AE00A39013 /* AddSpaceObjectViewController.h */ = {isa = PBXFileReference; fileEncoding = 4; lastKnownFileType = sourcecode.c.h; path = AddSpaceObjectViewController.h; sourceTree = "<group>"; };
		2AACE4C81B9BF7AE00A39013 /* AddSpaceObjectViewController.m */ = {isa = PBXFileReference; fileEncoding = 4; lastKnownFileType = sourcecode.c.objc; path = AddSpaceObjectViewController.m; sourceTree = "<group>"; };
/* End PBXFileReference section */

/* Begin PBXFrameworksBuildPhase section */
		2A2B294E1B71BF4100C7547C /* Frameworks */ = {
			isa = PBXFrameworksBuildPhase;
			buildActionMask = 2147483647;
			files = (
			);
			runOnlyForDeploymentPostprocessing = 0;
		};
		2A2B296A1B71BF4100C7547C /* Frameworks */ = {
			isa = PBXFrameworksBuildPhase;
			buildActionMask = 2147483647;
			files = (
			);
			runOnlyForDeploymentPostprocessing = 0;
		};
/* End PBXFrameworksBuildPhase section */

/* Begin PBXGroup section */
		2A2B29481B71BF4100C7547C = {
			isa = PBXGroup;
			children = (
				2A2B29531B71BF4100C7547C /* UITableViewController Challenge Solution */,
				2A2B29701B71BF4100C7547C /* UITableViewController Challenge SolutionTests */,
				2A2B29521B71BF4100C7547C /* Products */,
			);
			sourceTree = "<group>";
		};
		2A2B29521B71BF4100C7547C /* Products */ = {
			isa = PBXGroup;
			children = (
				2A2B29511B71BF4100C7547C /* UITableViewController Challenge Solution.app */,
				2A2B296D1B71BF4100C7547C /* UITableViewController Challenge SolutionTests.xctest */,
			);
			name = Products;
			sourceTree = "<group>";
		};
		2A2B29531B71BF4100C7547C /* UITableViewController Challenge Solution */ = {
			isa = PBXGroup;
			children = (
				2A2B29581B71BF4100C7547C /* AppDelegate.h */,
				2A2B29591B71BF4100C7547C /* AppDelegate.m */,
				2A2B29611B71BF4100C7547C /* Main.storyboard */,
				2AACE4C71B9BF7AE00A39013 /* AddSpaceObjectViewController.h */,
				2AACE4C81B9BF7AE00A39013 /* AddSpaceObjectViewController.m */,
				2A2B299E1B88BD4F00C7547C /* SpaceDataViewController.h */,
				2A2B299F1B88BD4F00C7547C /* SpaceDataViewController.m */,
				2A2B297D1B71BFAA00C7547C /* TableViewController.h */,
				2A2B297E1B71BFAA00C7547C /* TableViewController.m */,
				2A2B299B1B8057B900C7547C /* OutSpaceImageViewController.h */,
				2A2B299C1B8057B900C7547C /* OutSpaceImageViewController.m */,
				2A2B29981B7D95C300C7547C /* OutSpaceObject.h */,
				2A2B29991B7D95C300C7547C /* OutSpaceObject.m */,
				2A2B29641B71BF4100C7547C /* Images.xcassets */,
				2A2B29661B71BF4100C7547C /* LaunchScreen.xib */,
				2A2B295B1B71BF4100C7547C /* UITableViewController_Challenge_Solution.xcdatamodeld */,
				2A2B29541B71BF4100C7547C /* Supporting Files */,
			);
			path = "UITableViewController Challenge Solution";
			sourceTree = "<group>";
		};
		2A2B29541B71BF4100C7547C /* Supporting Files */ = {
			isa = PBXGroup;
			children = (
				2A2B29801B7D8A5B00C7547C /* astronomicalData.h */,
				2A2B29811B7D8A5B00C7547C /* astronomicalData.m */,
				2A2B29971B7D8AC800C7547C /* images */,
				2A2B29551B71BF4100C7547C /* Info.plist */,
				2A2B29561B71BF4100C7547C /* main.m */,
			);
			name = "Supporting Files";
			sourceTree = "<group>";
		};
		2A2B29701B71BF4100C7547C /* UITableViewController Challenge SolutionTests */ = {
			isa = PBXGroup;
			children = (
				2A2B29731B71BF4100C7547C /* UITableViewController_Challenge_SolutionTests.m */,
				2A2B29711B71BF4100C7547C /* Supporting Files */,
			);
			path = "UITableViewController Challenge SolutionTests";
			sourceTree = "<group>";
		};
		2A2B29711B71BF4100C7547C /* Supporting Files */ = {
			isa = PBXGroup;
			children = (
				2A2B29721B71BF4100C7547C /* Info.plist */,
			);
			name = "Supporting Files";
			sourceTree = "<group>";
		};
		2A2B29971B7D8AC800C7547C /* images */ = {
			isa = PBXGroup;
			children = (
				2AACE4C51B9BF75800A39013 /* space.png */,
				2A2B29831B7D8A7900C7547C /* Earth.jpg */,
				2A2B29841B7D8A7900C7547C /* EinsteinRing.jpg */,
				2A2B29851B7D8A7900C7547C /* Jupiter.jpg */,
				2A2B29861B7D8A7900C7547C /* Mars.jpg */,
				2A2B29871B7D8A7900C7547C /* Mercury.jpg */,
				2A2B29881B7D8A7900C7547C /* Neptune.jpg */,
				2A2B29891B7D8A7900C7547C /* Orion.jpg */,
				2A2B298A1B7D8A7900C7547C /* Saturn.jpg */,
				2A2B298B1B7D8A7900C7547C /* Uranus.jpg */,
				2A2B298C1B7D8A7900C7547C /* Venus.jpg */,
			);
			name = images;
			sourceTree = "<group>";
		};
/* End PBXGroup section */

/* Begin PBXNativeTarget section */
		2A2B29501B71BF4100C7547C /* UITableViewController Challenge Solution */ = {
			isa = PBXNativeTarget;
			buildConfigurationList = 2A2B29771B71BF4100C7547C /* Build configuration list for PBXNativeTarget "UITableViewController Challenge Solution" */;
			buildPhases = (
				2A2B294D1B71BF4100C7547C /* Sources */,
				2A2B294E1B71BF4100C7547C /* Frameworks */,
				2A2B294F1B71BF4100C7547C /* Resources */,
			);
			buildRules = (
			);
			dependencies = (
			);
			name = "UITableViewController Challenge Solution";
			productName = "UITableViewController Challenge Solution";
			productReference = 2A2B29511B71BF4100C7547C /* UITableViewController Challenge Solution.app */;
			productType = "com.apple.product-type.application";
		};
		2A2B296C1B71BF4100C7547C /* UITableViewController Challenge SolutionTests */ = {
			isa = PBXNativeTarget;
			buildConfigurationList = 2A2B297A1B71BF4100C7547C /* Build configuration list for PBXNativeTarget "UITableViewController Challenge SolutionTests" */;
			buildPhases = (
				2A2B29691B71BF4100C7547C /* Sources */,
				2A2B296A1B71BF4100C7547C /* Frameworks */,
				2A2B296B1B71BF4100C7547C /* Resources */,
			);
			buildRules = (
			);
			dependencies = (
				2A2B296F1B71BF4100C7547C /* PBXTargetDependency */,
			);
			name = "UITableViewController Challenge SolutionTests";
			productName = "UITableViewController Challenge SolutionTests";
			productReference = 2A2B296D1B71BF4100C7547C /* UITableViewController Challenge SolutionTests.xctest */;
			productType = "com.apple.product-type.bundle.unit-test";
		};
/* End PBXNativeTarget section */

/* Begin PBXProject section */
		2A2B29491B71BF4100C7547C /* Project object */ = {
			isa = PBXProject;
			attributes = {
				LastUpgradeCheck = 0640;
				ORGANIZATIONNAME = "Emmanuel Cuevas";
				TargetAttributes = {
					2A2B29501B71BF4100C7547C = {
						CreatedOnToolsVersion = 6.4;
					};
					2A2B296C1B71BF4100C7547C = {
						CreatedOnToolsVersion = 6.4;
						TestTargetID = 2A2B29501B71BF4100C7547C;
					};
				};
			};
			buildConfigurationList = 2A2B294C1B71BF4100C7547C /* Build configuration list for PBXProject "UITableViewController Challenge Solution" */;
			compatibilityVersion = "Xcode 3.2";
			developmentRegion = English;
			hasScannedForEncodings = 0;
			knownRegions = (
				en,
				Base,
			);
			mainGroup = 2A2B29481B71BF4100C7547C;
			productRefGroup = 2A2B29521B71BF4100C7547C /* Products */;
			projectDirPath = "";
			projectRoot = "";
			targets = (
				2A2B29501B71BF4100C7547C /* UITableViewController Challenge Solution */,
				2A2B296C1B71BF4100C7547C /* UITableViewController Challenge SolutionTests */,
			);
		};
/* End PBXProject section */

/* Begin PBXResourcesBuildPhase section */
		2A2B294F1B71BF4100C7547C /* Resources */ = {
			isa = PBXResourcesBuildPhase;
			buildActionMask = 2147483647;
			files = (
				2A2B298D1B7D8A7900C7547C /* Earth.jpg in Resources */,
				2A2B29961B7D8A7900C7547C /* Venus.jpg in Resources */,
				2A2B29911B7D8A7900C7547C /* Mercury.jpg in Resources */,
				2A2B29941B7D8A7900C7547C /* Saturn.jpg in Resources */,
				2A2B29951B7D8A7900C7547C /* Uranus.jpg in Resources */,
				2A2B29631B71BF4100C7547C /* Main.storyboard in Resources */,
				2AACE4C61B9BF75800A39013 /* space.png in Resources */,
				2A2B29921B7D8A7900C7547C /* Neptune.jpg in Resources */,
				2A2B29901B7D8A7900C7547C /* Mars.jpg in Resources */,
				2A2B29681B71BF4100C7547C /* LaunchScreen.xib in Resources */,
				2A2B29651B71BF4100C7547C /* Images.xcassets in Resources */,
				2A2B298E1B7D8A7900C7547C /* EinsteinRing.jpg in Resources */,
				2A2B298F1B7D8A7900C7547C /* Jupiter.jpg in Resources */,
				2A2B29931B7D8A7900C7547C /* Orion.jpg in Resources */,
			);
			runOnlyForDeploymentPostprocessing = 0;
		};
		2A2B296B1B71BF4100C7547C /* Resources */ = {
			isa = PBXResourcesBuildPhase;
			buildActionMask = 2147483647;
			files = (
			);
			runOnlyForDeploymentPostprocessing = 0;
		};
/* End PBXResourcesBuildPhase section */

/* Begin PBXSourcesBuildPhase section */
		2A2B294D1B71BF4100C7547C /* Sources */ = {
			isa = PBXSourcesBuildPhase;
			buildActionMask = 2147483647;
			files = (
				2A2B29821B7D8A5B00C7547C /* astronomicalData.m in Sources */,
				2AACE4C91B9BF7AE00A39013 /* AddSpaceObjectViewController.m in Sources */,
				2A2B29A01B88BD4F00C7547C /* SpaceDataViewController.m in Sources */,
				2A2B295A1B71BF4100C7547C /* AppDelegate.m in Sources */,
				2A2B29571B71BF4100C7547C /* main.m in Sources */,
				2A2B295D1B71BF4100C7547C /* UITableViewController_Challenge_Solution.xcdatamodeld in Sources */,
				2A2B299D1B8057B900C7547C /* OutSpaceImageViewController.m in Sources */,
				2A2B299A1B7D95C300C7547C /* OutSpaceObject.m in Sources */,
				2A2B297F1B71BFAA00C7547C /* TableViewController.m in Sources */,
			);
			runOnlyForDeploymentPostprocessing = 0;
		};
		2A2B29691B71BF4100C7547C /* Sources */ = {
			isa = PBXSourcesBuildPhase;
			buildActionMask = 2147483647;
			files = (
				2A2B29741B71BF4100C7547C /* UITableViewController_Challenge_SolutionTests.m in Sources */,
			);
			runOnlyForDeploymentPostprocessing = 0;
		};
/* End PBXSourcesBuildPhase section */

/* Begin PBXTargetDependency section */
		2A2B296F1B71BF4100C7547C /* PBXTargetDependency */ = {
			isa = PBXTargetDependency;
			target = 2A2B29501B71BF4100C7547C /* UITableViewController Challenge Solution */;
			targetProxy = 2A2B296E1B71BF4100C7547C /* PBXContainerItemProxy */;
		};
/* End PBXTargetDependency section */

/* Begin PBXVariantGroup section */
		2A2B29611B71BF4100C7547C /* Main.storyboard */ = {
			isa = PBXVariantGroup;
			children = (
				2A2B29621B71BF4100C7547C /* Base */,
			);
			name = Main.storyboard;
			sourceTree = "<group>";
		};
		2A2B29661B71BF4100C7547C /* LaunchScreen.xib */ = {
			isa = PBXVariantGroup;
			children = (
				2A2B29671B71BF4100C7547C /* Base */,
			);
			name = LaunchScreen.xib;
			sourceTree = "<group>";
		};
/* End PBXVariantGroup section */

/* Begin XCBuildConfiguration section */
		2A2B29751B71BF4100C7547C /* Debug */ = {
			isa = XCBuildConfiguration;
			buildSettings = {
				ALWAYS_SEARCH_USER_PATHS = NO;
				CLANG_CXX_LANGUAGE_STANDARD = "gnu++0x";
				CLANG_CXX_LIBRARY = "libc++";
				CLANG_ENABLE_MODULES = YES;
				CLANG_ENABLE_OBJC_ARC = YES;
				CLANG_WARN_BOOL_CONVERSION = YES;
				CLANG_WARN_CONSTANT_CONVERSION = YES;
				CLANG_WARN_DIRECT_OBJC_ISA_USAGE = YES_ERROR;
				CLANG_WARN_EMPTY_BODY = YES;
				CLANG_WARN_ENUM_CONVERSION = YES;
				CLANG_WARN_INT_CONVERSION = YES;
				CLANG_WARN_OBJC_ROOT_CLASS = YES_ERROR;
				CLANG_WARN_UNREACHABLE_CODE = YES;
				CLANG_WARN__DUPLICATE_METHOD_MATCH = YES;
				"CODE_SIGN_IDENTITY[sdk=iphoneos*]" = "iPhone Developer";
				COPY_PHASE_STRIP = NO;
				DEBUG_INFORMATION_FORMAT = "dwarf-with-dsym";
				ENABLE_STRICT_OBJC_MSGSEND = YES;
				GCC_C_LANGUAGE_STANDARD = gnu99;
				GCC_DYNAMIC_NO_PIC = NO;
				GCC_NO_COMMON_BLOCKS = YES;
				GCC_OPTIMIZATION_LEVEL = 0;
				GCC_PREPROCESSOR_DEFINITIONS = (
					"DEBUG=1",
					"$(inherited)",
				);
				GCC_SYMBOLS_PRIVATE_EXTERN = NO;
				GCC_WARN_64_TO_32_BIT_CONVERSION = YES;
				GCC_WARN_ABOUT_RETURN_TYPE = YES_ERROR;
				GCC_WARN_UNDECLARED_SELECTOR = YES;
				GCC_WARN_UNINITIALIZED_AUTOS = YES_AGGRESSIVE;
				GCC_WARN_UNUSED_FUNCTION = YES;
				GCC_WARN_UNUSED_VARIABLE = YES;
				IPHONEOS_DEPLOYMENT_TARGET = 8.4;
				MTL_ENABLE_DEBUG_INFO = YES;
				ONLY_ACTIVE_ARCH = YES;
				SDKROOT = iphoneos;
			};
			name = Debug;
		};
		2A2B29761B71BF4100C7547C /* Release */ = {
			isa = XCBuildConfiguration;
			buildSettings = {
				ALWAYS_SEARCH_USER_PATHS = NO;
				CLANG_CXX_LANGUAGE_STANDARD = "gnu++0x";
				CLANG_CXX_LIBRARY = "libc++";
				CLANG_ENABLE_MODULES = YES;
				CLANG_ENABLE_OBJC_ARC = YES;
				CLANG_WARN_BOOL_CONVERSION = YES;
				CLANG_WARN_CONSTANT_CONVERSION = YES;
				CLANG_WARN_DIRECT_OBJC_ISA_USAGE = YES_ERROR;
				CLANG_WARN_EMPTY_BODY = YES;
				CLANG_WARN_ENUM_CONVERSION = YES;
				CLANG_WARN_INT_CONVERSION = YES;
				CLANG_WARN_OBJC_ROOT_CLASS = YES_ERROR;
				CLANG_WARN_UNREACHABLE_CODE = YES;
				CLANG_WARN__DUPLICATE_METHOD_MATCH = YES;
				"CODE_SIGN_IDENTITY[sdk=iphoneos*]" = "iPhone Developer";
				COPY_PHASE_STRIP = NO;
				DEBUG_INFORMATION_FORMAT = "dwarf-with-dsym";
				ENABLE_NS_ASSERTIONS = NO;
				ENABLE_STRICT_OBJC_MSGSEND = YES;
				GCC_C_LANGUAGE_STANDARD = gnu99;
				GCC_NO_COMMON_BLOCKS = YES;
				GCC_WARN_64_TO_32_BIT_CONVERSION = YES;
				GCC_WARN_ABOUT_RETURN_TYPE = YES_ERROR;
				GCC_WARN_UNDECLARED_SELECTOR = YES;
				GCC_WARN_UNINITIALIZED_AUTOS = YES_AGGRESSIVE;
				GCC_WARN_UNUSED_FUNCTION = YES;
				GCC_WARN_UNUSED_VARIABLE = YES;
				IPHONEOS_DEPLOYMENT_TARGET = 8.4;
				MTL_ENABLE_DEBUG_INFO = NO;
				SDKROOT = iphoneos;
				VALIDATE_PRODUCT = YES;
			};
			name = Release;
		};
		2A2B29781B71BF4100C7547C /* Debug */ = {
			isa = XCBuildConfiguration;
			buildSettings = {
				ASSETCATALOG_COMPILER_APPICON_NAME = AppIcon;
				INFOPLIST_FILE = "UITableViewController Challenge Solution/Info.plist";
				LD_RUNPATH_SEARCH_PATHS = "$(inherited) @executable_path/Frameworks";
				PRODUCT_NAME = "$(TARGET_NAME)";
			};
			name = Debug;
		};
		2A2B29791B71BF4100C7547C /* Release */ = {
			isa = XCBuildConfiguration;
			buildSettings = {
				ASSETCATALOG_COMPILER_APPICON_NAME = AppIcon;
				INFOPLIST_FILE = "UITableViewController Challenge Solution/Info.plist";
				LD_RUNPATH_SEARCH_PATHS = "$(inherited) @executable_path/Frameworks";
				PRODUCT_NAME = "$(TARGET_NAME)";
			};
			name = Release;
		};
		2A2B297B1B71BF4100C7547C /* Debug */ = {
			isa = XCBuildConfiguration;
			buildSettings = {
				BUNDLE_LOADER = "$(TEST_HOST)";
				FRAMEWORK_SEARCH_PATHS = (
					"$(SDKROOT)/Developer/Library/Frameworks",
					"$(inherited)",
				);
				GCC_PREPROCESSOR_DEFINITIONS = (
					"DEBUG=1",
					"$(inherited)",
				);
				INFOPLIST_FILE = "UITableViewController Challenge SolutionTests/Info.plist";
				LD_RUNPATH_SEARCH_PATHS = "$(inherited) @executable_path/Frameworks @loader_path/Frameworks";
				PRODUCT_NAME = "$(TARGET_NAME)";
				TEST_HOST = "$(BUILT_PRODUCTS_DIR)/UITableViewController Challenge Solution.app/UITableViewController Challenge Solution";
			};
			name = Debug;
		};
		2A2B297C1B71BF4100C7547C /* Release */ = {
			isa = XCBuildConfiguration;
			buildSettings = {
				BUNDLE_LOADER = "$(TEST_HOST)";
				FRAMEWORK_SEARCH_PATHS = (
					"$(SDKROOT)/Developer/Library/Frameworks",
					"$(inherited)",
				);
				INFOPLIST_FILE = "UITableViewController Challenge SolutionTests/Info.plist";
				LD_RUNPATH_SEARCH_PATHS = "$(inherited) @executable_path/Frameworks @loader_path/Frameworks";
				PRODUCT_NAME = "$(TARGET_NAME)";
				TEST_HOST = "$(BUILT_PRODUCTS_DIR)/UITableViewController Challenge Solution.app/UITableViewController Challenge Solution";
			};
			name = Release;
		};
/* End XCBuildConfiguration section */

/* Begin XCConfigurationList section */
		2A2B294C1B71BF4100C7547C /* Build configuration list for PBXProject "UITableViewController Challenge Solution" */ = {
			isa = XCConfigurationList;
			buildConfigurations = (
				2A2B29751B71BF4100C7547C /* Debug */,
				2A2B29761B71BF4100C7547C /* Release */,
			);
			defaultConfigurationIsVisible = 0;
			defaultConfigurationName = Release;
		};
		2A2B29771B71BF4100C7547C /* Build configuration list for PBXNativeTarget "UITableViewController Challenge Solution" */ = {
			isa = XCConfigurationList;
			buildConfigurations = (
				2A2B29781B71BF4100C7547C /* Debug */,
				2A2B29791B71BF4100C7547C /* Release */,
			);
			defaultConfigurationIsVisible = 0;
			defaultConfigurationName = Release;
		};
		2A2B297A1B71BF4100C7547C /* Build configuration list for PBXNativeTarget "UITableViewController Challenge SolutionTests" */ = {
			isa = XCConfigurationList;
			buildConfigurations = (
				2A2B297B1B71BF4100C7547C /* Debug */,
				2A2B297C1B71BF4100C7547C /* Release */,
			);
			defaultConfigurationIsVisible = 0;
			defaultConfigurationName = Release;
		};
/* End XCConfigurationList section */

/* Begin XCVersionGroup section */
		2A2B295B1B71BF4100C7547C /* UITableViewController_Challenge_Solution.xcdatamodeld */ = {
			isa = XCVersionGroup;
			children = (
				2A2B295C1B71BF4100C7547C /* UITableViewController_Challenge_Solution.xcdatamodel */,
			);
			currentVersion = 2A2B295C1B71BF4100C7547C /* UITableViewController_Challenge_Solution.xcdatamodel */;
			path = UITableViewController_Challenge_Solution.xcdatamodeld;
			sourceTree = "<group>";
			versionGroupType = wrapper.xcdatamodel;
		};
/* End XCVersionGroup section */
	};
	rootObject = 2A2B29491B71BF4100C7547C /* Project object */;
}
